// !$*UTF8*$!
{
	archiveVersion = 1;
	classes = {
	};
	objectVersion = 46;
	objects = {

/* Begin PBXBuildFile section */
		2D1FA9CDEF28D51426F075C9 /* Pods_Realm_Demo.framework in Frameworks */ = {isa = PBXBuildFile; fileRef = 8AF150CB693ABAD97F86621F /* Pods_Realm_Demo.framework */; };
		E24F68861EFF582500CFED42 /* AppDelegate.swift in Sources */ = {isa = PBXBuildFile; fileRef = E24F68851EFF582500CFED42 /* AppDelegate.swift */; };
		E24F68881EFF582600CFED42 /* ViewController.swift in Sources */ = {isa = PBXBuildFile; fileRef = E24F68871EFF582600CFED42 /* ViewController.swift */; };
		E24F688B1EFF584000CFED42 /* Main.storyboard in Resources */ = {isa = PBXBuildFile; fileRef = E24F68891EFF584000CFED42 /* Main.storyboard */; };
		E24F688D1EFF584400CFED42 /* Assets.xcassets in Resources */ = {isa = PBXBuildFile; fileRef = E24F688C1EFF584300CFED42 /* Assets.xcassets */; };
		E24F68901EFF584400CFED42 /* LaunchScreen.storyboard in Resources */ = {isa = PBXBuildFile; fileRef = E24F688E1EFF584400CFED42 /* LaunchScreen.storyboard */; };
		E26FA1161F001A9B0074768C /* Person.swift in Sources */ = {isa = PBXBuildFile; fileRef = E26FA1151F001A9B0074768C /* Person.swift */; };
/* End PBXBuildFile section */

/* Begin PBXFileReference section */
		314DBE8E3B526A4BFC0EA5F0 /* Pods-Realm Demo.debug.xcconfig */ = {isa = PBXFileReference; includeInIndex = 1; lastKnownFileType = text.xcconfig; name = "Pods-Realm Demo.debug.xcconfig"; path = "Pods/Target Support Files/Pods-Realm Demo/Pods-Realm Demo.debug.xcconfig"; sourceTree = "<group>"; };
		8AF150CB693ABAD97F86621F /* Pods_Realm_Demo.framework */ = {isa = PBXFileReference; explicitFileType = wrapper.framework; includeInIndex = 0; path = Pods_Realm_Demo.framework; sourceTree = BUILT_PRODUCTS_DIR; };
		E24F68821EFF582400CFED42 /* Realm Demo.app */ = {isa = PBXFileReference; explicitFileType = wrapper.application; includeInIndex = 0; path = "Realm Demo.app"; sourceTree = BUILT_PRODUCTS_DIR; };
		E24F68851EFF582500CFED42 /* AppDelegate.swift */ = {isa = PBXFileReference; lastKnownFileType = sourcecode.swift; path = AppDelegate.swift; sourceTree = "<group>"; };
		E24F68871EFF582600CFED42 /* ViewController.swift */ = {isa = PBXFileReference; lastKnownFileType = sourcecode.swift; path = ViewController.swift; sourceTree = "<group>"; };
		E24F688A1EFF584000CFED42 /* Base */ = {isa = PBXFileReference; lastKnownFileType = file.storyboard; name = Base; path = Base.lproj/Main.storyboard; sourceTree = "<group>"; };
		E24F688C1EFF584300CFED42 /* Assets.xcassets */ = {isa = PBXFileReference; lastKnownFileType = folder.assetcatalog; path = Assets.xcassets; sourceTree = "<group>"; };
		E24F688F1EFF584400CFED42 /* Base */ = {isa = PBXFileReference; lastKnownFileType = file.storyboard; name = Base; path = Base.lproj/LaunchScreen.storyboard; sourceTree = "<group>"; };
		E24F68911EFF584600CFED42 /* Info.plist */ = {isa = PBXFileReference; lastKnownFileType = text.plist.xml; path = Info.plist; sourceTree = "<group>"; };
		E26FA1151F001A9B0074768C /* Person.swift */ = {isa = PBXFileReference; fileEncoding = 4; lastKnownFileType = sourcecode.swift; name = Person.swift; path = Model/Person.swift; sourceTree = "<group>"; };
		F66139CC9928A1B342A740E4 /* Pods-Realm Demo.release.xcconfig */ = {isa = PBXFileReference; includeInIndex = 1; lastKnownFileType = text.xcconfig; name = "Pods-Realm Demo.release.xcconfig"; path = "Pods/Target Support Files/Pods-Realm Demo/Pods-Realm Demo.release.xcconfig"; sourceTree = "<group>"; };
/* End PBXFileReference section */

/* Begin PBXFrameworksBuildPhase section */
		E24F687F1EFF582400CFED42 /* Frameworks */ = {
			isa = PBXFrameworksBuildPhase;
			buildActionMask = 2147483647;
			files = (
				2D1FA9CDEF28D51426F075C9 /* Pods_Realm_Demo.framework in Frameworks */,
			);
			runOnlyForDeploymentPostprocessing = 0;
		};
/* End PBXFrameworksBuildPhase section */

/* Begin PBXGroup section */
		D465C2F2F803BF242FE20E15 /* Frameworks */ = {
			isa = PBXGroup;
			children = (
				8AF150CB693ABAD97F86621F /* Pods_Realm_Demo.framework */,
			);
			name = Frameworks;
			sourceTree = "<group>";
		};
		E24F68791EFF582300CFED42 = {
			isa = PBXGroup;
			children = (
				E24F68841EFF582400CFED42 /* Realm Demo */,
				E24F68831EFF582400CFED42 /* Products */,
				F9EEC46EE4513F3B1CB3601A /* Pods */,
				D465C2F2F803BF242FE20E15 /* Frameworks */,
			);
			sourceTree = "<group>";
		};
		E24F68831EFF582400CFED42 /* Products */ = {
			isa = PBXGroup;
			children = (
				E24F68821EFF582400CFED42 /* Realm Demo.app */,
			);
			name = Products;
			sourceTree = "<group>";
		};
		E24F68841EFF582400CFED42 /* Realm Demo */ = {
			isa = PBXGroup;
			children = (
				E26FA1141F001A650074768C /* Model */,
				E24F68851EFF582500CFED42 /* AppDelegate.swift */,
				E24F68871EFF582600CFED42 /* ViewController.swift */,
				E24F68891EFF584000CFED42 /* Main.storyboard */,
				E24F688C1EFF584300CFED42 /* Assets.xcassets */,
				E24F688E1EFF584400CFED42 /* LaunchScreen.storyboard */,
				E24F68911EFF584600CFED42 /* Info.plist */,
			);
			path = "Realm Demo";
			sourceTree = "<group>";
		};
		E26FA1141F001A650074768C /* Model */ = {
			isa = PBXGroup;
			children = (
				E26FA1151F001A9B0074768C /* Person.swift */,
			);
			name = Model;
			sourceTree = "<group>";
		};
		F9EEC46EE4513F3B1CB3601A /* Pods */ = {
			isa = PBXGroup;
			children = (
				314DBE8E3B526A4BFC0EA5F0 /* Pods-Realm Demo.debug.xcconfig */,
				F66139CC9928A1B342A740E4 /* Pods-Realm Demo.release.xcconfig */,
			);
			name = Pods;
			sourceTree = "<group>";
		};
/* End PBXGroup section */

/* Begin PBXNativeTarget section */
		E24F68811EFF582400CFED42 /* Realm Demo */ = {
			isa = PBXNativeTarget;
			buildConfigurationList = E24F68941EFF584600CFED42 /* Build configuration list for PBXNativeTarget "Realm Demo" */;
			buildPhases = (
				B59F7C454A4EF020FF7A2F2B /* [CP] Check Pods Manifest.lock */,
				E24F687E1EFF582400CFED42 /* Sources */,
				E24F687F1EFF582400CFED42 /* Frameworks */,
				E24F68801EFF582400CFED42 /* Resources */,
				6D65458B6928284F9F04B183 /* [CP] Embed Pods Frameworks */,
				EE1FE926AB88CA380A69E3B0 /* [CP] Copy Pods Resources */,
			);
			buildRules = (
			);
			dependencies = (
			);
			name = "Realm Demo";
			productName = "Realm Demo";
			productReference = E24F68821EFF582400CFED42 /* Realm Demo.app */;
			productType = "com.apple.product-type.application";
		};
/* End PBXNativeTarget section */

/* Begin PBXProject section */
		E24F687A1EFF582300CFED42 /* Project object */ = {
			isa = PBXProject;
			attributes = {
				LastSwiftUpdateCheck = 0810;
				LastUpgradeCheck = 0810;
				ORGANIZATIONNAME = MyCompany;
				TargetAttributes = {
					E24F68811EFF582400CFED42 = {
						CreatedOnToolsVersion = 8.1;
						ProvisioningStyle = Automatic;
					};
				};
			};
			buildConfigurationList = E24F687D1EFF582300CFED42 /* Build configuration list for PBXProject "Realm Demo" */;
			compatibilityVersion = "Xcode 3.2";
			developmentRegion = English;
			hasScannedForEncodings = 0;
			knownRegions = (
				en,
				Base,
			);
			mainGroup = E24F68791EFF582300CFED42;
			productRefGroup = E24F68831EFF582400CFED42 /* Products */;
			projectDirPath = "";
			projectRoot = "";
			targets = (
				E24F68811EFF582400CFED42 /* Realm Demo */,
			);
		};
/* End PBXProject section */

/* Begin PBXResourcesBuildPhase section */
		E24F68801EFF582400CFED42 /* Resources */ = {
			isa = PBXResourcesBuildPhase;
			buildActionMask = 2147483647;
			files = (
				E24F68901EFF584400CFED42 /* LaunchScreen.storyboard in Resources */,
				E24F688D1EFF584400CFED42 /* Assets.xcassets in Resources */,
				E24F688B1EFF584000CFED42 /* Main.storyboard in Resources */,
			);
			runOnlyForDeploymentPostprocessing = 0;
		};
/* End PBXResourcesBuildPhase section */

/* Begin PBXShellScriptBuildPhase section */
		6D65458B6928284F9F04B183 /* [CP] Embed Pods Frameworks */ = {
			isa = PBXShellScriptBuildPhase;
			buildActionMask = 2147483647;
			files = (
			);
			inputPaths = (
			);
			name = "[CP] Embed Pods Frameworks";
			outputPaths = (
			);
			runOnlyForDeploymentPostprocessing = 0;
			shellPath = /bin/sh;
			shellScript = "\"${SRCROOT}/Pods/Target Support Files/Pods-Realm Demo/Pods-Realm Demo-frameworks.sh\"\n";
			showEnvVarsInLog = 0;
		};
		B59F7C454A4EF020FF7A2F2B /* [CP] Check Pods Manifest.lock */ = {
			isa = PBXShellScriptBuildPhase;
			buildActionMask = 2147483647;
			files = (
			);
			inputPaths = (
			);
			name = "[CP] Check Pods Manifest.lock";
			outputPaths = (
			);
			runOnlyForDeploymentPostprocessing = 0;
			shellPath = /bin/sh;
			shellScript = "diff \"${PODS_PODFILE_DIR_PATH}/Podfile.lock\" \"${PODS_ROOT}/Manifest.lock\" > /dev/null\nif [ $? != 0 ] ; then\n    # print error to STDERR\n    echo \"error: The sandbox is not in sync with the Podfile.lock. Run 'pod install' or update your CocoaPods installation.\" >&2\n    exit 1\nfi\n";
			showEnvVarsInLog = 0;
		};
		EE1FE926AB88CA380A69E3B0 /* [CP] Copy Pods Resources */ = {
			isa = PBXShellScriptBuildPhase;
			buildActionMask = 2147483647;
			files = (
			);
			inputPaths = (
			);
			name = "[CP] Copy Pods Resources";
			outputPaths = (
			);
			runOnlyForDeploymentPostprocessing = 0;
			shellPath = /bin/sh;
			shellScript = "\"${SRCROOT}/Pods/Target Support Files/Pods-Realm Demo/Pods-Realm Demo-resources.sh\"\n";
			showEnvVarsInLog = 0;
		};
/* End PBXShellScriptBuildPhase section */

/* Begin PBXSourcesBuildPhase section */
		E24F687E1EFF582400CFED42 /* Sources */ = {
			isa = PBXSourcesBuildPhase;
			buildActionMask = 2147483647;
			files = (
				E26FA1161F001A9B0074768C /* Person.swift in Sources */,
				E24F68881EFF582600CFED42 /* ViewController.swift in Sources */,
				E24F68861EFF582500CFED42 /* AppDelegate.swift in Sources */,
			);
			runOnlyForDeploymentPostprocessing = 0;
		};
/* End PBXSourcesBuildPhase section */

/* Begin PBXVariantGroup section */
		E24F68891EFF584000CFED42 /* Main.storyboard */ = {
			isa = PBXVariantGroup;
			children = (
				E24F688A1EFF584000CFED42 /* Base */,
			);
			name = Main.storyboard;
			sourceTree = "<group>";
		};
		E24F688E1EFF584400CFED42 /* LaunchScreen.storyboard */ = {
			isa = PBXVariantGroup;
			children = (
				E24F688F1EFF584400CFED42 /* Base */,
			);
			name = LaunchScreen.storyboard;
			sourceTree = "<group>";
		};
/* End PBXVariantGroup section */

/* Begin XCBuildConfiguration section */
		E24F68921EFF584600CFED42 /* Debug */ = {
			isa = XCBuildConfiguration;
			buildSettings = {
				ALWAYS_SEARCH_USER_PATHS = NO;
				CLANG_ANALYZER_NONNULL = YES;
				CLANG_CXX_LANGUAGE_STANDARD = "gnu++0x";
				CLANG_CXX_LIBRARY = "libc++";
				CLANG_ENABLE_MODULES = YES;
				CLANG_ENABLE_OBJC_ARC = YES;
				CLANG_WARN_BOOL_CONVERSION = YES;
				CLANG_WARN_CONSTANT_CONVERSION = YES;
				CLANG_WARN_DIRECT_OBJC_ISA_USAGE = YES_ERROR;
				CLANG_WARN_DOCUMENTATION_COMMENTS = YES;
				CLANG_WARN_EMPTY_BODY = YES;
				CLANG_WARN_ENUM_CONVERSION = YES;
				CLANG_WARN_INFINITE_RECURSION = YES;
				CLANG_WARN_INT_CONVERSION = YES;
				CLANG_WARN_OBJC_ROOT_CLASS = YES_ERROR;
				CLANG_WARN_SUSPICIOUS_MOVES = YES;
				CLANG_WARN_UNREACHABLE_CODE = YES;
				CLANG_WARN__DUPLICATE_METHOD_MATCH = YES;
				"CODE_SIGN_IDENTITY[sdk=iphoneos*]" = "iPhone Developer";
				COPY_PHASE_STRIP = NO;
				DEBUG_INFORMATION_FORMAT = dwarf;
				ENABLE_STRICT_OBJC_MSGSEND = YES;
				ENABLE_TESTABILITY = YES;
				GCC_C_LANGUAGE_STANDARD = gnu99;
				GCC_DYNAMIC_NO_PIC = NO;
				GCC_NO_COMMON_BLOCKS = YES;
				GCC_OPTIMIZATION_LEVEL = 0;
				GCC_PREPROCESSOR_DEFINITIONS = (
					"DEBUG=1",
					"$(inherited)",
				);
				GCC_WARN_64_TO_32_BIT_CONVERSION = YES;
				GCC_WARN_ABOUT_RETURN_TYPE = YES_ERROR;
				GCC_WARN_UNDECLARED_SELECTOR = YES;
				GCC_WARN_UNINITIALIZED_AUTOS = YES_AGGRESSIVE;
				GCC_WARN_UNUSED_FUNCTION = YES;
				GCC_WARN_UNUSED_VARIABLE = YES;
				IPHONEOS_DEPLOYMENT_TARGET = 10.1;
				MTL_ENABLE_DEBUG_INFO = YES;
				ONLY_ACTIVE_ARCH = YES;
				SDKROOT = iphoneos;
				SWIFT_ACTIVE_COMPILATION_CONDITIONS = DEBUG;
				SWIFT_OPTIMIZATION_LEVEL = "-Onone";
				TARGETED_DEVICE_FAMILY = "1,2";
			};
			name = Debug;
		};
		E24F68931EFF584600CFED42 /* Release */ = {
			isa = XCBuildConfiguration;
			buildSettings = {
				ALWAYS_SEARCH_USER_PATHS = NO;
				CLANG_ANALYZER_NONNULL = YES;
				CLANG_CXX_LANGUAGE_STANDARD = "gnu++0x";
				CLANG_CXX_LIBRARY = "libc++";
				CLANG_ENABLE_MODULES = YES;
				CLANG_ENABLE_OBJC_ARC = YES;
				CLANG_WARN_BOOL_CONVERSION = YES;
				CLANG_WARN_CONSTANT_CONVERSION = YES;
				CLANG_WARN_DIRECT_OBJC_ISA_USAGE = YES_ERROR;
				CLANG_WARN_DOCUMENTATION_COMMENTS = YES;
				CLANG_WARN_EMPTY_BODY = YES;
				CLANG_WARN_ENUM_CONVERSION = YES;
				CLANG_WARN_INFINITE_RECURSION = YES;
				CLANG_WARN_INT_CONVERSION = YES;
				CLANG_WARN_OBJC_ROOT_CLASS = YES_ERROR;
				CLANG_WARN_SUSPICIOUS_MOVES = YES;
				CLANG_WARN_UNREACHABLE_CODE = YES;
				CLANG_WARN__DUPLICATE_METHOD_MATCH = YES;
				"CODE_SIGN_IDENTITY[sdk=iphoneos*]" = "iPhone Developer";
				COPY_PHASE_STRIP = NO;
				DEBUG_INFORMATION_FORMAT = "dwarf-with-dsym";
				ENABLE_NS_ASSERTIONS = NO;
				ENABLE_STRICT_OBJC_MSGSEND = YES;
				GCC_C_LANGUAGE_STANDARD = gnu99;
				GCC_NO_COMMON_BLOCKS = YES;
				GCC_WARN_64_TO_32_BIT_CONVERSION = YES;
				GCC_WARN_ABOUT_RETURN_TYPE = YES_ERROR;
				GCC_WARN_UNDECLARED_SELECTOR = YES;
				GCC_WARN_UNINITIALIZED_AUTOS = YES_AGGRESSIVE;
				GCC_WARN_UNUSED_FUNCTION = YES;
				GCC_WARN_UNUSED_VARIABLE = YES;
				IPHONEOS_DEPLOYMENT_TARGET = 10.1;
				MTL_ENABLE_DEBUG_INFO = NO;
				SDKROOT = iphoneos;
				SWIFT_OPTIMIZATION_LEVEL = "-Owholemodule";
				TARGETED_DEVICE_FAMILY = "1,2";
				VALIDATE_PRODUCT = YES;
			};
			name = Release;
		};
		E24F68951EFF584600CFED42 /* Debug */ = {
			isa = XCBuildConfiguration;
			baseConfigurationReference = 314DBE8E3B526A4BFC0EA5F0 /* Pods-Realm Demo.debug.xcconfig */;
			buildSettings = {
				ASSETCATALOG_COMPILER_APPICON_NAME = AppIcon;
				INFOPLIST_FILE = "Realm Demo/Info.plist";
				LD_RUNPATH_SEARCH_PATHS = "$(inherited) @executable_path/Frameworks";
				PRODUCT_BUNDLE_IDENTIFIER = "com.122Apps.Realm-Demo";
				PRODUCT_NAME = "$(TARGET_NAME)";
				SWIFT_VERSION = 3.0;
			};
			name = Debug;
		};
		E24F68961EFF584600CFED42 /* Release */ = {
			isa = XCBuildConfiguration;
			baseConfigurationReference = F66139CC9928A1B342A740E4 /* Pods-Realm Demo.release.xcconfig */;
			buildSettings = {
				ASSETCATALOG_COMPILER_APPICON_NAME = AppIcon;
				INFOPLIST_FILE = "Realm Demo/Info.plist";
				LD_RUNPATH_SEARCH_PATHS = "$(inherited) @executable_path/Frameworks";
				PRODUCT_BUNDLE_IDENTIFIER = "com.122Apps.Realm-Demo";
				PRODUCT_NAME = "$(TARGET_NAME)";
				SWIFT_VERSION = 3.0;
			};
			name = Release;
		};
/* End XCBuildConfiguration section */

/* Begin XCConfigurationList section */
		E24F687D1EFF582300CFED42 /* Build configuration list for PBXProject "Realm Demo" */ = {
			isa = XCConfigurationList;
			buildConfigurations = (
				E24F68921EFF584600CFED42 /* Debug */,
				E24F68931EFF584600CFED42 /* Release */,
			);
			defaultConfigurationIsVisible = 0;
			defaultConfigurationName = Release;
		};
		E24F68941EFF584600CFED42 /* Build configuration list for PBXNativeTarget "Realm Demo" */ = {
			isa = XCConfigurationList;
			buildConfigurations = (
				E24F68951EFF584600CFED42 /* Debug */,
				E24F68961EFF584600CFED42 /* Release */,
			);
			defaultConfigurationIsVisible = 0;
			defaultConfigurationName = Release;
		};
/* End XCConfigurationList section */
	};
	rootObject = E24F687A1EFF582300CFED42 /* Project object */;
}
